
Microsoft Visual Studio Solution File, Format Version 12.00
# Visual Studio 15
VisualStudioVersion = 15.0.26730.15
MinimumVisualStudioVersion = 10.0.40219.1
Project("{FAE04EC0-301F-11D3-BF4B-00C04F79EFBC}") = "CodeCraft.DependencyInjection", "CodeCraft.DependencyInjection\CodeCraft.DependencyInjection.csproj", "{C2DCB120-511B-4A97-BD0C-DA3B066140A5}"
EndProject
Global
	GlobalSection(SolutionConfigurationPlatforms) = preSolution
		Debug|Any CPU = Debug|Any CPU
		Release|Any CPU = Release|Any CPU
	EndGlobalSection
	GlobalSection(ProjectConfigurationPlatforms) = postSolution
		{C2DCB120-511B-4A97-BD0C-DA3B066140A5}.Debug|Any CPU.ActiveCfg = Debug|Any CPU
		{C2DCB120-511B-4A97-BD0C-DA3B066140A5}.Debug|Any CPU.Build.0 = Debug|Any CPU
		{C2DCB120-511B-4A97-BD0C-DA3B066140A5}.Release|Any CPU.ActiveCfg = Release|Any CPU
		{C2DCB120-511B-4A97-BD0C-DA3B066140A5}.Release|Any CPU.Build.0 = Release|Any CPU
	EndGlobalSection
	GlobalSection(SolutionProperties) = preSolution
		HideSolutionNode = FALSE
	EndGlobalSection
	GlobalSection(ExtensibilityGlobals) = postSolution
		SolutionGuid = {BC220E22-16AB-47EB-BE72-53D4FD1C3416}
	EndGlobalSection
EndGlobal
